
Microsoft Visual Studio Solution File, Format Version 12.00
# Visual Studio 2013
VisualStudioVersion = 12.0.31101.0
MinimumVisualStudioVersion = 10.0.40219.1
Project("{FAE04EC0-301F-11D3-BF4B-00C04F79EFBC}") = "stevenbootstrap.azurewebsites.net", "WebApplication4\stevenbootstrap.azurewebsites.net.csproj", "{C42F0F69-AB2E-4DEB-9133-2319A3543CA3}"
EndProject
Project("{FAE04EC0-301F-11D3-BF4B-00C04F79EFBC}") = "ReactJsStarterKit", "ReactJsStarterKit\ReactJsStarterKit.csproj", "{858BE282-F769-440C-99BB-63402CBB82A6}"
EndProject
Global
	GlobalSection(SolutionConfigurationPlatforms) = preSolution
		Debug|Any CPU = Debug|Any CPU
		Release|Any CPU = Release|Any CPU
	EndGlobalSection
	GlobalSection(ProjectConfigurationPlatforms) = postSolution
		{C42F0F69-AB2E-4DEB-9133-2319A3543CA3}.Debug|Any CPU.ActiveCfg = Debug|Any CPU
		{C42F0F69-AB2E-4DEB-9133-2319A3543CA3}.Debug|Any CPU.Build.0 = Debug|Any CPU
		{C42F0F69-AB2E-4DEB-9133-2319A3543CA3}.Release|Any CPU.ActiveCfg = Release|Any CPU
		{C42F0F69-AB2E-4DEB-9133-2319A3543CA3}.Release|Any CPU.Build.0 = Release|Any CPU
		{858BE282-F769-440C-99BB-63402CBB82A6}.Debug|Any CPU.ActiveCfg = Debug|Any CPU
		{858BE282-F769-440C-99BB-63402CBB82A6}.Debug|Any CPU.Build.0 = Debug|Any CPU
		{858BE282-F769-440C-99BB-63402CBB82A6}.Release|Any CPU.ActiveCfg = Release|Any CPU
		{858BE282-F769-440C-99BB-63402CBB82A6}.Release|Any CPU.Build.0 = Release|Any CPU
	EndGlobalSection
	GlobalSection(SolutionProperties) = preSolution
		HideSolutionNode = FALSE
	EndGlobalSection
EndGlobal
